
Microsoft Visual Studio Solution File, Format Version 12.00
# Visual Studio 2012
Project("{911E67C6-3D85-4FCE-B560-20A9C3E3FF48}") = "SuperScenarioGenerator", "SuperScenarioGenerator.exe", "{17825568-C56E-4F9A-BCE8-4A559BAECFBB}"
	ProjectSection(DebuggerProjectSystem) = preProject
		PortSupplier = 00000000-0000-0000-0000-000000000000
		Executable = C:\SAM_repository\SAMEXEtorun\SuperScenarioGenerator\Release\SuperScenarioGenerator.exe
		RemoteMachine = FIRE
		StartingDirectory = C:\SAM_repository\SAMEXEtorun\SuperScenarioGenerator\Release
		Environment = Default
		LaunchingEngine = 00000000-0000-0000-0000-000000000000
		LaunchSQLEngine = No
		AttachLaunchAction = No
	EndProjectSection
EndProject
Global
	GlobalSection(SolutionConfigurationPlatforms) = preSolution
		Debug|x86 = Debug|x86
	EndGlobalSection
	GlobalSection(ProjectConfigurationPlatforms) = postSolution
		{17825568-C56E-4F9A-BCE8-4A559BAECFBB}.Debug|x86.ActiveCfg = Debug|x86
	EndGlobalSection
	GlobalSection(SolutionProperties) = preSolution
		HideSolutionNode = FALSE
	EndGlobalSection
EndGlobal
