
Microsoft Visual Studio Solution File, Format Version 11.00
# Visual Studio 2010
Project("{6989167D-11E4-40FE-8C1A-2192A86A7E90}") = "SuperScenarioGenerator", "SuperScenarioGenerator.vfproj", "{688C1714-AA4F-400F-A3F7-87E51D99B46F}"
EndProject
Global
	GlobalSection(SolutionConfigurationPlatforms) = preSolution
		Debug|64bit = Debug|64bit
		Debug|Win32 = Debug|Win32
		Debug|x64 = Debug|x64
		Release|64bit = Release|64bit
		Release|Win32 = Release|Win32
		Release|x64 = Release|x64
	EndGlobalSection
	GlobalSection(ProjectConfigurationPlatforms) = postSolution
		{688C1714-AA4F-400F-A3F7-87E51D99B46F}.Debug|64bit.ActiveCfg = Debug|Win32
		{688C1714-AA4F-400F-A3F7-87E51D99B46F}.Debug|64bit.Build.0 = Debug|Win32
		{688C1714-AA4F-400F-A3F7-87E51D99B46F}.Debug|Win32.ActiveCfg = Debug|Win32
		{688C1714-AA4F-400F-A3F7-87E51D99B46F}.Debug|Win32.Build.0 = Debug|Win32
		{688C1714-AA4F-400F-A3F7-87E51D99B46F}.Debug|x64.ActiveCfg = Debug|x64
		{688C1714-AA4F-400F-A3F7-87E51D99B46F}.Debug|x64.Build.0 = Debug|x64
		{688C1714-AA4F-400F-A3F7-87E51D99B46F}.Release|64bit.ActiveCfg = Release|Win32
		{688C1714-AA4F-400F-A3F7-87E51D99B46F}.Release|64bit.Build.0 = Release|Win32
		{688C1714-AA4F-400F-A3F7-87E51D99B46F}.Release|Win32.ActiveCfg = Release|Win32
		{688C1714-AA4F-400F-A3F7-87E51D99B46F}.Release|Win32.Build.0 = Release|Win32
		{688C1714-AA4F-400F-A3F7-87E51D99B46F}.Release|x64.ActiveCfg = Release|Win32
		{688C1714-AA4F-400F-A3F7-87E51D99B46F}.Release|x64.Build.0 = Release|Win32
	EndGlobalSection
	GlobalSection(SolutionProperties) = preSolution
		HideSolutionNode = FALSE
	EndGlobalSection
EndGlobal
